
Microsoft Visual Studio Solution File, Format Version 12.00
# Visual Studio 15
Project("{FAE04EC0-301F-11D3-BF4B-00C04F79EFBC}") = "AttributionRepro.Android", "AttributionRepro.Android\AttributionRepro.Android.csproj", "{C7D62D07-23BE-444B-B687-3C657ABA0C6D}"
EndProject
Project("{FAE04EC0-301F-11D3-BF4B-00C04F79EFBC}") = "AttributionRepro.iOS", "AttributionRepro.iOS\AttributionRepro.iOS.csproj", "{791D3CE4-E633-4B90-9037-72DD01E37D21}"
EndProject
Project("{FAE04EC0-301F-11D3-BF4B-00C04F79EFBC}") = "AttributionRepro", "AttributionRepro\AttributionRepro.csproj", "{F4F62186-F56A-4BA5-A51A-A9EDCBFBFEDE}"
EndProject
Global
	GlobalSection(SolutionConfigurationPlatforms) = preSolution
		Debug|Any CPU = Debug|Any CPU
		Release|Any CPU = Release|Any CPU
		Debug|iPhoneSimulator = Debug|iPhoneSimulator
		Release|iPhoneSimulator = Release|iPhoneSimulator
		Debug|iPhone = Debug|iPhone
		Release|iPhone = Release|iPhone
	EndGlobalSection
	GlobalSection(ProjectConfigurationPlatforms) = postSolution
		{C7D62D07-23BE-444B-B687-3C657ABA0C6D}.Debug|Any CPU.ActiveCfg = Debug|Any CPU
		{C7D62D07-23BE-444B-B687-3C657ABA0C6D}.Debug|Any CPU.Build.0 = Debug|Any CPU
		{C7D62D07-23BE-444B-B687-3C657ABA0C6D}.Release|Any CPU.ActiveCfg = Release|Any CPU
		{C7D62D07-23BE-444B-B687-3C657ABA0C6D}.Release|Any CPU.Build.0 = Release|Any CPU
		{C7D62D07-23BE-444B-B687-3C657ABA0C6D}.Debug|iPhoneSimulator.ActiveCfg = Debug|Any CPU
		{C7D62D07-23BE-444B-B687-3C657ABA0C6D}.Debug|iPhoneSimulator.Build.0 = Debug|Any CPU
		{C7D62D07-23BE-444B-B687-3C657ABA0C6D}.Release|iPhoneSimulator.ActiveCfg = Release|Any CPU
		{C7D62D07-23BE-444B-B687-3C657ABA0C6D}.Release|iPhoneSimulator.Build.0 = Release|Any CPU
		{C7D62D07-23BE-444B-B687-3C657ABA0C6D}.Debug|iPhone.ActiveCfg = Debug|Any CPU
		{C7D62D07-23BE-444B-B687-3C657ABA0C6D}.Debug|iPhone.Build.0 = Debug|Any CPU
		{C7D62D07-23BE-444B-B687-3C657ABA0C6D}.Release|iPhone.ActiveCfg = Release|Any CPU
		{C7D62D07-23BE-444B-B687-3C657ABA0C6D}.Release|iPhone.Build.0 = Release|Any CPU
		{791D3CE4-E633-4B90-9037-72DD01E37D21}.Debug|Any CPU.ActiveCfg = Debug|iPhoneSimulator
		{791D3CE4-E633-4B90-9037-72DD01E37D21}.Debug|Any CPU.Build.0 = Debug|iPhoneSimulator
		{791D3CE4-E633-4B90-9037-72DD01E37D21}.Release|Any CPU.ActiveCfg = Release|iPhoneSimulator
		{791D3CE4-E633-4B90-9037-72DD01E37D21}.Release|Any CPU.Build.0 = Release|iPhoneSimulator
		{791D3CE4-E633-4B90-9037-72DD01E37D21}.Debug|iPhoneSimulator.ActiveCfg = Debug|iPhoneSimulator
		{791D3CE4-E633-4B90-9037-72DD01E37D21}.Debug|iPhoneSimulator.Build.0 = Debug|iPhoneSimulator
		{791D3CE4-E633-4B90-9037-72DD01E37D21}.Release|iPhoneSimulator.ActiveCfg = Release|iPhoneSimulator
		{791D3CE4-E633-4B90-9037-72DD01E37D21}.Release|iPhoneSimulator.Build.0 = Release|iPhoneSimulator
		{791D3CE4-E633-4B90-9037-72DD01E37D21}.Debug|iPhone.ActiveCfg = Debug|iPhone
		{791D3CE4-E633-4B90-9037-72DD01E37D21}.Debug|iPhone.Build.0 = Debug|iPhone
		{791D3CE4-E633-4B90-9037-72DD01E37D21}.Release|iPhone.ActiveCfg = Release|iPhone
		{791D3CE4-E633-4B90-9037-72DD01E37D21}.Release|iPhone.Build.0 = Release|iPhone
		{F4F62186-F56A-4BA5-A51A-A9EDCBFBFEDE}.Debug|Any CPU.ActiveCfg = Debug|Any CPU
		{F4F62186-F56A-4BA5-A51A-A9EDCBFBFEDE}.Debug|Any CPU.Build.0 = Debug|Any CPU
		{F4F62186-F56A-4BA5-A51A-A9EDCBFBFEDE}.Release|Any CPU.ActiveCfg = Release|Any CPU
		{F4F62186-F56A-4BA5-A51A-A9EDCBFBFEDE}.Release|Any CPU.Build.0 = Release|Any CPU
		{F4F62186-F56A-4BA5-A51A-A9EDCBFBFEDE}.Debug|iPhoneSimulator.ActiveCfg = Debug|Any CPU
		{F4F62186-F56A-4BA5-A51A-A9EDCBFBFEDE}.Debug|iPhoneSimulator.Build.0 = Debug|Any CPU
		{F4F62186-F56A-4BA5-A51A-A9EDCBFBFEDE}.Release|iPhoneSimulator.ActiveCfg = Release|Any CPU
		{F4F62186-F56A-4BA5-A51A-A9EDCBFBFEDE}.Release|iPhoneSimulator.Build.0 = Release|Any CPU
		{F4F62186-F56A-4BA5-A51A-A9EDCBFBFEDE}.Debug|iPhone.ActiveCfg = Debug|Any CPU
		{F4F62186-F56A-4BA5-A51A-A9EDCBFBFEDE}.Debug|iPhone.Build.0 = Debug|Any CPU
		{F4F62186-F56A-4BA5-A51A-A9EDCBFBFEDE}.Release|iPhone.ActiveCfg = Release|Any CPU
		{F4F62186-F56A-4BA5-A51A-A9EDCBFBFEDE}.Release|iPhone.Build.0 = Release|Any CPU
	EndGlobalSection
EndGlobal
